// !$*UTF8*$!
{
	archiveVersion = 1;
	classes = {
	};
	objectVersion = 46;
	objects = {

/* Begin PBXBuildFile section */
		472088C31CFDE9E4005FF4F8 /* AppDelegate.swift in Sources */ = {isa = PBXBuildFile; fileRef = 472088C21CFDE9E4005FF4F8 /* AppDelegate.swift */; };
		472088C51CFDE9E4005FF4F8 /* GameViewController.swift in Sources */ = {isa = PBXBuildFile; fileRef = 472088C41CFDE9E4005FF4F8 /* GameViewController.swift */; };
		472088CA1CFDE9E4005FF4F8 /* Assets.xcassets in Resources */ = {isa = PBXBuildFile; fileRef = 472088C91CFDE9E4005FF4F8 /* Assets.xcassets */; };
		472088CD1CFDE9E4005FF4F8 /* LaunchScreen.storyboard in Resources */ = {isa = PBXBuildFile; fileRef = 472088CB1CFDE9E4005FF4F8 /* LaunchScreen.storyboard */; };
		472088D51CFDF114005FF4F8 /* Game.swift in Sources */ = {isa = PBXBuildFile; fileRef = 472088D41CFDF114005FF4F8 /* Game.swift */; };
		472088DA1CFE33A6005FF4F8 /* TwoPlayerPageViewController.swift in Sources */ = {isa = PBXBuildFile; fileRef = 472088D91CFE33A6005FF4F8 /* TwoPlayerPageViewController.swift */; };
		47751A331CFF3E8C008EE7D4 /* MainGame.storyboard in Resources */ = {isa = PBXBuildFile; fileRef = 47751A311CFF3E8C008EE7D4 /* MainGame.storyboard */; };
		47DCEFBE1D1736F400647343 /* StartPageViewController.swift in Sources */ = {isa = PBXBuildFile; fileRef = 47DCEFBD1D1736F400647343 /* StartPageViewController.swift */; };
		47DCEFC21D17AD5D00647343 /* Reachability.swift in Sources */ = {isa = PBXBuildFile; fileRef = 47DCEFC11D17AD5D00647343 /* Reachability.swift */; };
		47DCEFC41D17AEE200647343 /* WordAPI.swift in Sources */ = {isa = PBXBuildFile; fileRef = 47DCEFC31D17AEE200647343 /* WordAPI.swift */; };
		47DCEFC61D17C1D200647343 /* AboutPageViewController.swift in Sources */ = {isa = PBXBuildFile; fileRef = 47DCEFC51D17C1D200647343 /* AboutPageViewController.swift */; };
/* End PBXBuildFile section */

/* Begin PBXFileReference section */
		472088BF1CFDE9E4005FF4F8 /* Hangman.app */ = {isa = PBXFileReference; explicitFileType = wrapper.application; includeInIndex = 0; path = Hangman.app; sourceTree = BUILT_PRODUCTS_DIR; };
		472088C21CFDE9E4005FF4F8 /* AppDelegate.swift */ = {isa = PBXFileReference; lastKnownFileType = sourcecode.swift; path = AppDelegate.swift; sourceTree = "<group>"; };
		472088C41CFDE9E4005FF4F8 /* GameViewController.swift */ = {isa = PBXFileReference; lastKnownFileType = sourcecode.swift; path = GameViewController.swift; sourceTree = "<group>"; };
		472088C91CFDE9E4005FF4F8 /* Assets.xcassets */ = {isa = PBXFileReference; lastKnownFileType = folder.assetcatalog; path = Assets.xcassets; sourceTree = "<group>"; };
		472088CC1CFDE9E4005FF4F8 /* Base */ = {isa = PBXFileReference; lastKnownFileType = file.storyboard; name = Base; path = Base.lproj/LaunchScreen.storyboard; sourceTree = "<group>"; };
		472088CE1CFDE9E4005FF4F8 /* Info.plist */ = {isa = PBXFileReference; lastKnownFileType = text.plist.xml; path = Info.plist; sourceTree = "<group>"; };
		472088D41CFDF114005FF4F8 /* Game.swift */ = {isa = PBXFileReference; fileEncoding = 4; lastKnownFileType = sourcecode.swift; path = Game.swift; sourceTree = "<group>"; };
		472088D91CFE33A6005FF4F8 /* TwoPlayerPageViewController.swift */ = {isa = PBXFileReference; fileEncoding = 4; lastKnownFileType = sourcecode.swift; path = TwoPlayerPageViewController.swift; sourceTree = "<group>"; };
		47751A321CFF3E8C008EE7D4 /* Base */ = {isa = PBXFileReference; lastKnownFileType = file.storyboard; name = Base; path = Base.lproj/MainGame.storyboard; sourceTree = "<group>"; };
		47DCEFBD1D1736F400647343 /* StartPageViewController.swift */ = {isa = PBXFileReference; fileEncoding = 4; lastKnownFileType = sourcecode.swift; path = StartPageViewController.swift; sourceTree = "<group>"; };
		47DCEFC11D17AD5D00647343 /* Reachability.swift */ = {isa = PBXFileReference; fileEncoding = 4; lastKnownFileType = sourcecode.swift; path = Reachability.swift; sourceTree = "<group>"; };
		47DCEFC31D17AEE200647343 /* WordAPI.swift */ = {isa = PBXFileReference; fileEncoding = 4; lastKnownFileType = sourcecode.swift; path = WordAPI.swift; sourceTree = "<group>"; };
		47DCEFC51D17C1D200647343 /* AboutPageViewController.swift */ = {isa = PBXFileReference; fileEncoding = 4; lastKnownFileType = sourcecode.swift; path = AboutPageViewController.swift; sourceTree = "<group>"; };
/* End PBXFileReference section */

/* Begin PBXFrameworksBuildPhase section */
		472088BC1CFDE9E4005FF4F8 /* Frameworks */ = {
			isa = PBXFrameworksBuildPhase;
			buildActionMask = 2147483647;
			files = (
			);
			runOnlyForDeploymentPostprocessing = 0;
		};
/* End PBXFrameworksBuildPhase section */

/* Begin PBXGroup section */
		472088B61CFDE9E4005FF4F8 = {
			isa = PBXGroup;
			children = (
				472088C11CFDE9E4005FF4F8 /* Hangman */,
				472088C01CFDE9E4005FF4F8 /* Products */,
			);
			sourceTree = "<group>";
		};
		472088C01CFDE9E4005FF4F8 /* Products */ = {
			isa = PBXGroup;
			children = (
				472088BF1CFDE9E4005FF4F8 /* Hangman.app */,
			);
			name = Products;
			sourceTree = "<group>";
		};
		472088C11CFDE9E4005FF4F8 /* Hangman */ = {
			isa = PBXGroup;
			children = (
				472088C21CFDE9E4005FF4F8 /* AppDelegate.swift */,
				47751A311CFF3E8C008EE7D4 /* MainGame.storyboard */,
				472088C91CFDE9E4005FF4F8 /* Assets.xcassets */,
				472088CB1CFDE9E4005FF4F8 /* LaunchScreen.storyboard */,
				472088CE1CFDE9E4005FF4F8 /* Info.plist */,
				47DCEFC71D1871DC00647343 /* APIs */,
				47DCEFC01D17AD4200647343 /* ViewControllers */,
				47DCEFBF1D17AD3B00647343 /* Models */,
			);
			path = Hangman;
			sourceTree = "<group>";
		};
		47DCEFBF1D17AD3B00647343 /* Models */ = {
			isa = PBXGroup;
			children = (
				472088D41CFDF114005FF4F8 /* Game.swift */,
				47DCEFC11D17AD5D00647343 /* Reachability.swift */,
			);
			name = Models;
			sourceTree = "<group>";
		};
		47DCEFC01D17AD4200647343 /* ViewControllers */ = {
			isa = PBXGroup;
			children = (
				47DCEFBD1D1736F400647343 /* StartPageViewController.swift */,
				472088D91CFE33A6005FF4F8 /* TwoPlayerPageViewController.swift */,
				472088C41CFDE9E4005FF4F8 /* GameViewController.swift */,
				47DCEFC51D17C1D200647343 /* AboutPageViewController.swift */,
			);
			name = ViewControllers;
			sourceTree = "<group>";
		};
		47DCEFC71D1871DC00647343 /* APIs */ = {
			isa = PBXGroup;
			children = (
				47DCEFC31D17AEE200647343 /* WordAPI.swift */,
			);
			name = APIs;
			sourceTree = "<group>";
		};
/* End PBXGroup section */

/* Begin PBXNativeTarget section */
		472088BE1CFDE9E4005FF4F8 /* Hangman */ = {
			isa = PBXNativeTarget;
			buildConfigurationList = 472088D11CFDE9E4005FF4F8 /* Build configuration list for PBXNativeTarget "Hangman" */;
			buildPhases = (
				472088BB1CFDE9E4005FF4F8 /* Sources */,
				472088BC1CFDE9E4005FF4F8 /* Frameworks */,
				472088BD1CFDE9E4005FF4F8 /* Resources */,
			);
			buildRules = (
			);
			dependencies = (
			);
			name = Hangman;
			productName = Hangman;
			productReference = 472088BF1CFDE9E4005FF4F8 /* Hangman.app */;
			productType = "com.apple.product-type.application";
		};
/* End PBXNativeTarget section */

/* Begin PBXProject section */
		472088B71CFDE9E4005FF4F8 /* Project object */ = {
			isa = PBXProject;
			attributes = {
				LastSwiftUpdateCheck = 0730;
				LastUpgradeCheck = 0730;
				ORGANIZATIONNAME = "Rudy Bermudez";
				TargetAttributes = {
					472088BE1CFDE9E4005FF4F8 = {
						CreatedOnToolsVersion = 7.3.1;
						DevelopmentTeam = NZ8449Y9W6;
					};
				};
			};
			buildConfigurationList = 472088BA1CFDE9E4005FF4F8 /* Build configuration list for PBXProject "Hangman" */;
			compatibilityVersion = "Xcode 3.2";
			developmentRegion = English;
			hasScannedForEncodings = 0;
			knownRegions = (
				en,
				Base,
			);
			mainGroup = 472088B61CFDE9E4005FF4F8;
			productRefGroup = 472088C01CFDE9E4005FF4F8 /* Products */;
			projectDirPath = "";
			projectRoot = "";
			targets = (
				472088BE1CFDE9E4005FF4F8 /* Hangman */,
			);
		};
/* End PBXProject section */

/* Begin PBXResourcesBuildPhase section */
		472088BD1CFDE9E4005FF4F8 /* Resources */ = {
			isa = PBXResourcesBuildPhase;
			buildActionMask = 2147483647;
			files = (
				472088CD1CFDE9E4005FF4F8 /* LaunchScreen.storyboard in Resources */,
				472088CA1CFDE9E4005FF4F8 /* Assets.xcassets in Resources */,
				47751A331CFF3E8C008EE7D4 /* MainGame.storyboard in Resources */,
			);
			runOnlyForDeploymentPostprocessing = 0;
		};
/* End PBXResourcesBuildPhase section */

/* Begin PBXSourcesBuildPhase section */
		472088BB1CFDE9E4005FF4F8 /* Sources */ = {
			isa = PBXSourcesBuildPhase;
			buildActionMask = 2147483647;
			files = (
				47DCEFBE1D1736F400647343 /* StartPageViewController.swift in Sources */,
				472088C51CFDE9E4005FF4F8 /* GameViewController.swift in Sources */,
				47DCEFC21D17AD5D00647343 /* Reachability.swift in Sources */,
				47DCEFC41D17AEE200647343 /* WordAPI.swift in Sources */,
				472088D51CFDF114005FF4F8 /* Game.swift in Sources */,
				472088DA1CFE33A6005FF4F8 /* TwoPlayerPageViewController.swift in Sources */,
				472088C31CFDE9E4005FF4F8 /* AppDelegate.swift in Sources */,
				47DCEFC61D17C1D200647343 /* AboutPageViewController.swift in Sources */,
			);
			runOnlyForDeploymentPostprocessing = 0;
		};
/* End PBXSourcesBuildPhase section */

/* Begin PBXVariantGroup section */
		472088CB1CFDE9E4005FF4F8 /* LaunchScreen.storyboard */ = {
			isa = PBXVariantGroup;
			children = (
				472088CC1CFDE9E4005FF4F8 /* Base */,
			);
			name = LaunchScreen.storyboard;
			sourceTree = "<group>";
		};
		47751A311CFF3E8C008EE7D4 /* MainGame.storyboard */ = {
			isa = PBXVariantGroup;
			children = (
				47751A321CFF3E8C008EE7D4 /* Base */,
			);
			name = MainGame.storyboard;
			sourceTree = "<group>";
		};
/* End PBXVariantGroup section */

/* Begin XCBuildConfiguration section */
		472088CF1CFDE9E4005FF4F8 /* Debug */ = {
			isa = XCBuildConfiguration;
			buildSettings = {
				ALWAYS_SEARCH_USER_PATHS = NO;
				CLANG_ANALYZER_NONNULL = YES;
				CLANG_CXX_LANGUAGE_STANDARD = "gnu++0x";
				CLANG_CXX_LIBRARY = "libc++";
				CLANG_ENABLE_MODULES = YES;
				CLANG_ENABLE_OBJC_ARC = YES;
				CLANG_WARN_BOOL_CONVERSION = YES;
				CLANG_WARN_CONSTANT_CONVERSION = YES;
				CLANG_WARN_DIRECT_OBJC_ISA_USAGE = YES_ERROR;
				CLANG_WARN_EMPTY_BODY = YES;
				CLANG_WARN_ENUM_CONVERSION = YES;
				CLANG_WARN_INT_CONVERSION = YES;
				CLANG_WARN_OBJC_ROOT_CLASS = YES_ERROR;
				CLANG_WARN_UNREACHABLE_CODE = YES;
				CLANG_WARN__DUPLICATE_METHOD_MATCH = YES;
				"CODE_SIGN_IDENTITY[sdk=iphoneos*]" = "iPhone Developer";
				COPY_PHASE_STRIP = NO;
				DEBUG_INFORMATION_FORMAT = dwarf;
				ENABLE_STRICT_OBJC_MSGSEND = YES;
				ENABLE_TESTABILITY = YES;
				GCC_C_LANGUAGE_STANDARD = gnu99;
				GCC_DYNAMIC_NO_PIC = NO;
				GCC_NO_COMMON_BLOCKS = YES;
				GCC_OPTIMIZATION_LEVEL = 0;
				GCC_PREPROCESSOR_DEFINITIONS = (
					"DEBUG=1",
					"$(inherited)",
				);
				GCC_WARN_64_TO_32_BIT_CONVERSION = YES;
				GCC_WARN_ABOUT_RETURN_TYPE = YES_ERROR;
				GCC_WARN_UNDECLARED_SELECTOR = YES;
				GCC_WARN_UNINITIALIZED_AUTOS = YES_AGGRESSIVE;
				GCC_WARN_UNUSED_FUNCTION = YES;
				GCC_WARN_UNUSED_VARIABLE = YES;
				IPHONEOS_DEPLOYMENT_TARGET = 9.3;
				MTL_ENABLE_DEBUG_INFO = YES;
				ONLY_ACTIVE_ARCH = YES;
				SDKROOT = iphoneos;
				SWIFT_OPTIMIZATION_LEVEL = "-Onone";
			};
			name = Debug;
		};
		472088D01CFDE9E4005FF4F8 /* Release */ = {
			isa = XCBuildConfiguration;
			buildSettings = {
				ALWAYS_SEARCH_USER_PATHS = NO;
				CLANG_ANALYZER_NONNULL = YES;
				CLANG_CXX_LANGUAGE_STANDARD = "gnu++0x";
				CLANG_CXX_LIBRARY = "libc++";
				CLANG_ENABLE_MODULES = YES;
				CLANG_ENABLE_OBJC_ARC = YES;
				CLANG_WARN_BOOL_CONVERSION = YES;
				CLANG_WARN_CONSTANT_CONVERSION = YES;
				CLANG_WARN_DIRECT_OBJC_ISA_USAGE = YES_ERROR;
				CLANG_WARN_EMPTY_BODY = YES;
				CLANG_WARN_ENUM_CONVERSION = YES;
				CLANG_WARN_INT_CONVERSION = YES;
				CLANG_WARN_OBJC_ROOT_CLASS = YES_ERROR;
				CLANG_WARN_UNREACHABLE_CODE = YES;
				CLANG_WARN__DUPLICATE_METHOD_MATCH = YES;
				"CODE_SIGN_IDENTITY[sdk=iphoneos*]" = "iPhone Developer";
				COPY_PHASE_STRIP = NO;
				DEBUG_INFORMATION_FORMAT = "dwarf-with-dsym";
				ENABLE_NS_ASSERTIONS = NO;
				ENABLE_STRICT_OBJC_MSGSEND = YES;
				GCC_C_LANGUAGE_STANDARD = gnu99;
				GCC_NO_COMMON_BLOCKS = YES;
				GCC_WARN_64_TO_32_BIT_CONVERSION = YES;
				GCC_WARN_ABOUT_RETURN_TYPE = YES_ERROR;
				GCC_WARN_UNDECLARED_SELECTOR = YES;
				GCC_WARN_UNINITIALIZED_AUTOS = YES_AGGRESSIVE;
				GCC_WARN_UNUSED_FUNCTION = YES;
				GCC_WARN_UNUSED_VARIABLE = YES;
				IPHONEOS_DEPLOYMENT_TARGET = 9.3;
				MTL_ENABLE_DEBUG_INFO = NO;
				SDKROOT = iphoneos;
				VALIDATE_PRODUCT = YES;
			};
			name = Release;
		};
		472088D21CFDE9E4005FF4F8 /* Debug */ = {
			isa = XCBuildConfiguration;
			buildSettings = {
				ASSETCATALOG_COMPILER_APPICON_NAME = AppIcon;
				CODE_SIGN_IDENTITY = "iPhone Developer";
				INFOPLIST_FILE = Hangman/Info.plist;
				IPHONEOS_DEPLOYMENT_TARGET = 9.0;
				LD_RUNPATH_SEARCH_PATHS = "$(inherited) @executable_path/Frameworks";
				PRODUCT_BUNDLE_IDENTIFIER = co.rudybermudez.Hangman;
				PRODUCT_NAME = "$(TARGET_NAME)";
				PROVISIONING_PROFILE = "";
			};
			name = Debug;
		};
		472088D31CFDE9E4005FF4F8 /* Release */ = {
			isa = XCBuildConfiguration;
			buildSettings = {
				ASSETCATALOG_COMPILER_APPICON_NAME = AppIcon;
				CODE_SIGN_IDENTITY = "iPhone Developer";
				INFOPLIST_FILE = Hangman/Info.plist;
				IPHONEOS_DEPLOYMENT_TARGET = 9.0;
				LD_RUNPATH_SEARCH_PATHS = "$(inherited) @executable_path/Frameworks";
				PRODUCT_BUNDLE_IDENTIFIER = co.rudybermudez.Hangman;
				PRODUCT_NAME = "$(TARGET_NAME)";
				PROVISIONING_PROFILE = "";
			};
			name = Release;
		};
/* End XCBuildConfiguration section */

/* Begin XCConfigurationList section */
		472088BA1CFDE9E4005FF4F8 /* Build configuration list for PBXProject "Hangman" */ = {
			isa = XCConfigurationList;
			buildConfigurations = (
				472088CF1CFDE9E4005FF4F8 /* Debug */,
				472088D01CFDE9E4005FF4F8 /* Release */,
			);
			defaultConfigurationIsVisible = 0;
			defaultConfigurationName = Release;
		};
		472088D11CFDE9E4005FF4F8 /* Build configuration list for PBXNativeTarget "Hangman" */ = {
			isa = XCConfigurationList;
			buildConfigurations = (
				472088D21CFDE9E4005FF4F8 /* Debug */,
				472088D31CFDE9E4005FF4F8 /* Release */,
			);
			defaultConfigurationIsVisible = 0;
			defaultConfigurationName = Release;
		};
/* End XCConfigurationList section */
	};
	rootObject = 472088B71CFDE9E4005FF4F8 /* Project object */;
}
